
Microsoft Visual Studio Solution File, Format Version 12.00
# Visual Studio Version 17
VisualStudioVersion = 17.9.34701.34
MinimumVisualStudioVersion = 10.0.40219.1
Project("{FAE04EC0-301F-11D3-BF4B-00C04F79EFBC}") = "WebApplication1", "WebApplication1.csproj", "{0D7A69DC-7D51-4035-A4A7-886FA73AE09B}"
EndProject
Global
	GlobalSection(SolutionConfigurationPlatforms) = preSolution
		Debug|Any CPU = Debug|Any CPU
		Release|Any CPU = Release|Any CPU
	EndGlobalSection
	GlobalSection(ProjectConfigurationPlatforms) = postSolution
		{0D7A69DC-7D51-4035-A4A7-886FA73AE09B}.Debug|Any CPU.ActiveCfg = Debug|Any CPU
		{0D7A69DC-7D51-4035-A4A7-886FA73AE09B}.Debug|Any CPU.Build.0 = Debug|Any CPU
		{0D7A69DC-7D51-4035-A4A7-886FA73AE09B}.Release|Any CPU.ActiveCfg = Release|Any CPU
		{0D7A69DC-7D51-4035-A4A7-886FA73AE09B}.Release|Any CPU.Build.0 = Release|Any CPU
	EndGlobalSection
	GlobalSection(SolutionProperties) = preSolution
		HideSolutionNode = FALSE
	EndGlobalSection
	GlobalSection(ExtensibilityGlobals) = postSolution
		SolutionGuid = {4ECC0618-C731-4D80-9E47-958F0C40616E}
	EndGlobalSection
EndGlobal
